{
  "nodes": {
    "aicommits-src": {
      "flake": false,
      "locked": {
        "lastModified": 1778243759,
        "narHash": "sha256-r03218GwMxIufVzPYxrOQBJYakrF+noUPGrLJqq6pGg=",
        "owner": "Nutlope",
        "repo": "aicommits",
        "rev": "4af69b2b876de190d59e2aa4ef10db366db0cc8e",
        "type": "github"
      },
      "original": {
        "owner": "Nutlope",
        "repo": "aicommits",
        "type": "github"
      }
    },
    "codex-cli-nix": {
      "inputs": {
        "flake-utils": "flake-utils",
        "nixpkgs": [
          "nixpkgs-unstable"
        ]
      },
      "locked": {
        "lastModified": 1778282716,
        "narHash": "sha256-fHo9PlYWu970hmdVkDB2Jqeu0VmhmqQ5iKOnPjf/I1E=",
        "owner": "sadjow",
        "repo": "codex-cli-nix",
        "rev": "7f0f3802287581e04501e2fea26b56d63df18ebd",
        "type": "github"
      },
      "original": {
        "owner": "sadjow",
        "repo": "codex-cli-nix",
        "type": "github"
      }
    },
    "codex-switch": {
      "inputs": {
        "nixpkgs": [
          "nixpkgs-unstable"
        ]
      },
      "locked": {
        "lastModified": 1778265257,
        "narHash": "sha256-XkqXPJfLmEr9qahyhMYQX+urAaIFhLk90OUzoQvcAs0=",
        "owner": "ShangYJQ",
        "repo": "codex-switch",
        "rev": "6c05901eae340362e470812f1d89e46495f57967",
        "type": "github"
      },
      "original": {
        "owner": "ShangYJQ",
        "repo": "codex-switch",
        "type": "github"
      }
    },
    "flake-utils": {
      "inputs": {
        "systems": "systems"
      },
      "locked": {
        "lastModified": 1731533236,
        "narHash": "sha256-l0KFg5HjrsfsO/JpG+r7fRrqm12kzFHyUHqHCVpMMbI=",
        "owner": "numtide",
        "repo": "flake-utils",
        "rev": "11707dc2f618dd54ca8739b309ec4fc024de578b",
        "type": "github"
      },
      "original": {
        "owner": "numtide",
        "repo": "flake-utils",
        "type": "github"
      }
    },
    "home-manager": {
      "inputs": {
        "nixpkgs": [
          "nixpkgs"
        ]
      },
      "locked": {
        "lastModified": 1778401693,
        "narHash": "sha256-OVHdCqXXUF5UdGkH+FF2ZL06OLZjj2kvP2dIUmzVWoo=",
        "owner": "nix-community",
        "repo": "home-manager",
        "rev": "389b83002efc26f1145e89a6a8e6edc5a6435948",
        "type": "github"
      },
      "original": {
        "owner": "nix-community",
        "ref": "release-25.11",
        "repo": "home-manager",
        "type": "github"
      }
    },
    "nixpkgs": {
      "locked": {
        "lastModified": 1778003029,
        "narHash": "sha256-q/nkKLDtHIyLjZpKhWk3cSK5IYsFqtMd6UtXF3ddjgA=",
        "owner": "NixOS",
        "repo": "nixpkgs",
        "rev": "0c88e1f2bdb93d5999019e99cb0e61e1fe2af4c5",
        "type": "github"
      },
      "original": {
        "owner": "NixOS",
        "ref": "nixos-25.11",
        "repo": "nixpkgs",
        "type": "github"
      }
    },
    "nixpkgs-unstable": {
      "locked": {
        "lastModified": 1777954456,
        "narHash": "sha256-hGdgeU2Nk87RAuZyYjyDjFL6LK7dAZN5RE9+hrDTkDU=",
        "owner": "NixOS",
        "repo": "nixpkgs",
        "rev": "549bd84d6279f9852cae6225e372cc67fb91a4c1",
        "type": "github"
      },
      "original": {
        "owner": "NixOS",
        "ref": "nixos-unstable",
        "repo": "nixpkgs",
        "type": "github"
      }
    },
    "nvim-config": {
      "flake": false,
      "locked": {
        "lastModified": 1778484205,
        "narHash": "sha256-8jew6ulhT0sAbH3nvHs6ndnM/Rgs46Ts4eHVvVKa1fM=",
        "owner": "ShangYJQ",
        "repo": "nvim.config",
        "rev": "5bbbbebec27f3d4a099d2be0b7dfc8e918744208",
        "type": "github"
      },
      "original": {
        "owner": "ShangYJQ",
        "repo": "nvim.config",
        "type": "github"
      }
    },
    "root": {
      "inputs": {
        "aicommits-src": "aicommits-src",
        "codex-cli-nix": "codex-cli-nix",
        "codex-switch": "codex-switch",
        "home-manager": "home-manager",
        "nixpkgs": "nixpkgs",
        "nixpkgs-unstable": "nixpkgs-unstable",
        "nvim-config": "nvim-config",
        "yazi-config": "yazi-config"
      }
    },
    "systems": {
      "locked": {
        "lastModified": 1681028828,
        "narHash": "sha256-Vy1rq5AaRuLzOxct8nz4T6wlgyUR7zLU309k9mBC768=",
        "owner": "nix-systems",
        "repo": "default",
        "rev": "da67096a3b9bf56a91d16901293e51ba5b49a27e",
        "type": "github"
      },
      "original": {
        "owner": "nix-systems",
        "repo": "default",
        "type": "github"
      }
    },
    "yazi-config": {
      "flake": false,
      "locked": {
        "lastModified": 1778036826,
        "narHash": "sha256-INpo+yTFsF6yprAp4ALDwqw8sFrPwaW+MJ3RPcomoJs=",
        "owner": "ShangYJQ",
        "repo": "yazi.config",
        "rev": "e38f10569080d5cc9e52b65ec737071a3215d61a",
        "type": "github"
      },
      "original": {
        "owner": "ShangYJQ",
        "repo": "yazi.config",
        "type": "github"
      }
    }
  },
  "root": "root",
  "version": 7
}
