{
  "nodes": {
    "aicommits-src": {
      "flake": false,
      "locked": {
        "lastModified": 1779141006,
        "narHash": "sha256-xh7TM3ThajeOXYCj2Vc246u3kYxA1VCHFWM4QbM8DGo=",
        "owner": "Nutlope",
        "repo": "aicommits",
        "rev": "b7546447cceea2ed4fb1bfb6e8f4f48055f5c738",
        "type": "github"
      },
      "original": {
        "owner": "Nutlope",
        "repo": "aicommits",
        "type": "github"
      }
    },
    "codex-cli-nix": {
      "inputs": {
        "flake-utils": "flake-utils",
        "nixpkgs": [
          "nixpkgs-unstable"
        ]
      },
      "locked": {
        "lastModified": 1779998039,
        "narHash": "sha256-TrNmfalbdX4VOXJyBYDX+jH6Ph7YJbUMAnq6/akCyms=",
        "owner": "sadjow",
        "repo": "codex-cli-nix",
        "rev": "803b7de2cccae3abbb9d23c10826af087428b06e",
        "type": "github"
      },
      "original": {
        "owner": "sadjow",
        "repo": "codex-cli-nix",
        "type": "github"
      }
    },
    "codex-switch": {
      "inputs": {
        "nixpkgs": [
          "nixpkgs-unstable"
        ]
      },
      "locked": {
        "lastModified": 1778265257,
        "narHash": "sha256-XkqXPJfLmEr9qahyhMYQX+urAaIFhLk90OUzoQvcAs0=",
        "owner": "ShangYJQ",
        "repo": "codex-switch",
        "rev": "6c05901eae340362e470812f1d89e46495f57967",
        "type": "github"
      },
      "original": {
        "owner": "ShangYJQ",
        "repo": "codex-switch",
        "type": "github"
      }
    },
    "flake-utils": {
      "inputs": {
        "systems": "systems"
      },
      "locked": {
        "lastModified": 1731533236,
        "narHash": "sha256-l0KFg5HjrsfsO/JpG+r7fRrqm12kzFHyUHqHCVpMMbI=",
        "owner": "numtide",
        "repo": "flake-utils",
        "rev": "11707dc2f618dd54ca8739b309ec4fc024de578b",
        "type": "github"
      },
      "original": {
        "owner": "numtide",
        "repo": "flake-utils",
        "type": "github"
      }
    },
    "home-manager": {
      "inputs": {
        "nixpkgs": [
          "nixpkgs"
        ]
      },
      "locked": {
        "lastModified": 1779506708,
        "narHash": "sha256-QOD/CNm196nCJRheux/URi4/HE66fthdOMqCJoPP1Y0=",
        "owner": "nix-community",
        "repo": "home-manager",
        "rev": "3ee51fbdac8c8bdfe1e7e1fcaba6520a563f394f",
        "type": "github"
      },
      "original": {
        "owner": "nix-community",
        "ref": "release-25.11",
        "repo": "home-manager",
        "type": "github"
      }
    },
    "nixpkgs": {
      "locked": {
        "lastModified": 1779796641,
        "narHash": "sha256-ZsIrKmhp4vbBXoXXmR/tBXA/UCsAQiJL9vsgZEduhVY=",
        "owner": "NixOS",
        "repo": "nixpkgs",
        "rev": "25f538306313eae3927264466c70d7001dcea1df",
        "type": "github"
      },
      "original": {
        "owner": "NixOS",
        "ref": "nixos-25.11",
        "repo": "nixpkgs",
        "type": "github"
      }
    },
    "nixpkgs-unstable": {
      "locked": {
        "lastModified": 1779560665,
        "narHash": "sha256-tpyBcxPpcQb8ukyNF7DoCwfSY3VPsxHoYwj00Cayv5o=",
        "owner": "NixOS",
        "repo": "nixpkgs",
        "rev": "64c08a7ca051951c8eae34e3e3cb1e202fe36786",
        "type": "github"
      },
      "original": {
        "owner": "NixOS",
        "ref": "nixos-unstable",
        "repo": "nixpkgs",
        "type": "github"
      }
    },
    "nvim-config": {
      "flake": false,
      "locked": {
        "lastModified": 1780142189,
        "narHash": "sha256-62DdUY3NYQ+NQWLC176J7YZVGtx1hV6w1uuz1EAKs8g=",
        "owner": "ShangYJQ",
        "repo": "nvim.config",
        "rev": "3cd4bd7b39e30100cc3f99f824edc485dfe332ce",
        "type": "github"
      },
      "original": {
        "owner": "ShangYJQ",
        "repo": "nvim.config",
        "type": "github"
      }
    },
    "root": {
      "inputs": {
        "aicommits-src": "aicommits-src",
        "codex-cli-nix": "codex-cli-nix",
        "codex-switch": "codex-switch",
        "home-manager": "home-manager",
        "nixpkgs": "nixpkgs",
        "nixpkgs-unstable": "nixpkgs-unstable",
        "nvim-config": "nvim-config",
        "yazi-config": "yazi-config"
      }
    },
    "systems": {
      "locked": {
        "lastModified": 1681028828,
        "narHash": "sha256-Vy1rq5AaRuLzOxct8nz4T6wlgyUR7zLU309k9mBC768=",
        "owner": "nix-systems",
        "repo": "default",
        "rev": "da67096a3b9bf56a91d16901293e51ba5b49a27e",
        "type": "github"
      },
      "original": {
        "owner": "nix-systems",
        "repo": "default",
        "type": "github"
      }
    },
    "yazi-config": {
      "flake": false,
      "locked": {
        "lastModified": 1778737306,
        "narHash": "sha256-qmb94tqagOo7RygXYkPBxILOyz0tt2fZyXsgCiKfpZ0=",
        "owner": "ShangYJQ",
        "repo": "yazi.config",
        "rev": "aafa2b7230d8eac4c693a1bfd798fd6c46edf5e5",
        "type": "github"
      },
      "original": {
        "owner": "ShangYJQ",
        "repo": "yazi.config",
        "type": "github"
      }
    }
  },
  "root": "root",
  "version": 7
}
